
Microsoft Visual Studio Solution File, Format Version 12.00
# Visual Studio Version 16
VisualStudioVersion = 16.0.29920.165
MinimumVisualStudioVersion = 10.0.40219.1
Project("{FAE04EC0-301F-11D3-BF4B-00C04F79EFBC}") = "WeatherApp", "WeatherApp\WeatherApp.csproj", "{0AF0F5F2-1BF0-4CA7-80E3-B3D16C3EAE9B}"
EndProject
Global
	GlobalSection(SolutionConfigurationPlatforms) = preSolution
		Debug|Any CPU = Debug|Any CPU
		Release|Any CPU = Release|Any CPU
	EndGlobalSection
	GlobalSection(ProjectConfigurationPlatforms) = postSolution
		{0AF0F5F2-1BF0-4CA7-80E3-B3D16C3EAE9B}.Debug|Any CPU.ActiveCfg = Debug|Any CPU
		{0AF0F5F2-1BF0-4CA7-80E3-B3D16C3EAE9B}.Debug|Any CPU.Build.0 = Debug|Any CPU
		{0AF0F5F2-1BF0-4CA7-80E3-B3D16C3EAE9B}.Release|Any CPU.ActiveCfg = Release|Any CPU
		{0AF0F5F2-1BF0-4CA7-80E3-B3D16C3EAE9B}.Release|Any CPU.Build.0 = Release|Any CPU
	EndGlobalSection
	GlobalSection(SolutionProperties) = preSolution
		HideSolutionNode = FALSE
	EndGlobalSection
	GlobalSection(ExtensibilityGlobals) = postSolution
		SolutionGuid = {31F4FFA1-2688-48ED-AF03-C7FBF9625D62}
	EndGlobalSection
EndGlobal
